
Microsoft Visual Studio Solution File, Format Version 12.00
# Visual Studio Version 17
VisualStudioVersion = 17.3.32901.215
MinimumVisualStudioVersion = 10.0.40219.1
Project("{FAE04EC0-301F-11D3-BF4B-00C04F79EFBC}") = "CodeBasedApproach", "CodeBasedApproach.csproj", "{30FAE03E-36DD-4CA4-995C-E7F1F7F9BE93}"
EndProject
Global
	GlobalSection(SolutionConfigurationPlatforms) = preSolution
		Debug|Any CPU = Debug|Any CPU
		Release|Any CPU = Release|Any CPU
	EndGlobalSection
	GlobalSection(ProjectConfigurationPlatforms) = postSolution
		{30FAE03E-36DD-4CA4-995C-E7F1F7F9BE93}.Debug|Any CPU.ActiveCfg = Debug|Any CPU
		{30FAE03E-36DD-4CA4-995C-E7F1F7F9BE93}.Debug|Any CPU.Build.0 = Debug|Any CPU
		{30FAE03E-36DD-4CA4-995C-E7F1F7F9BE93}.Release|Any CPU.ActiveCfg = Release|Any CPU
		{30FAE03E-36DD-4CA4-995C-E7F1F7F9BE93}.Release|Any CPU.Build.0 = Release|Any CPU
	EndGlobalSection
	GlobalSection(SolutionProperties) = preSolution
		HideSolutionNode = FALSE
	EndGlobalSection
	GlobalSection(ExtensibilityGlobals) = postSolution
		SolutionGuid = {4F7264B7-9396-43AC-B75A-7384A6C39F4D}
	EndGlobalSection
EndGlobal
